// !$*UTF8*$!
{
 archiveVersion = 1;
 classes = {};
 objectVersion = 56;
 objects = {
  100000000000000000000001 = {isa = PBXProject; attributes = {LastSwiftUpdateCheck = 1600; LastUpgradeCheck = 1600;}; buildConfigurationList = 100000000000000000000002; compatibilityVersion = "Xcode 14.0"; developmentRegion = en; hasScannedForEncodings = 0; knownRegions = (en, Base); mainGroup = 100000000000000000000003; productRefGroup = 100000000000000000000004; projectDirPath = ""; projectRoot = ""; targets = (100000000000000000000005,); };
  100000000000000000000002 = {isa = XCConfigurationList; buildConfigurations = (100000000000000000000006, 100000000000000000000007); defaultConfigurationIsVisible = 0; defaultConfigurationName = Release;};
  100000000000000000000003 = {isa = PBXGroup; children = (100000000000000000000013, 100000000000000000000004); sourceTree = "<group>";};
  100000000000000000000004 = {isa = PBXGroup; children = (10000000000000000000000B,); name = Products; sourceTree = "<group>";};
  100000000000000000000005 = {isa = PBXNativeTarget; buildConfigurationList = 10000000000000000000000C; buildPhases = (10000000000000000000000D, 10000000000000000000000E); buildRules = (); dependencies = (); name = MisaModFilm; productName = MisaModFilm; productReference = 10000000000000000000000B; productType = "com.apple.product-type.application";};
  100000000000000000000008 = {isa = PBXFileReference; lastKnownFileType = sourcecode.swift; path = MisaModFilmApp.swift; sourceTree = "<group>";};
  10000000000000000000000A = {isa = PBXFileReference; lastKnownFileType = folder.assetcatalog; path = Assets.xcassets; sourceTree = "<group>";};
  10000000000000000000000B = {isa = PBXFileReference; explicitFileType = wrapper.application; includeInIndex = 0; path = MisaModFilm.app; sourceTree = BUILT_PRODUCTS_DIR;};
  10000000000000000000000D = {isa = PBXSourcesBuildPhase; buildActionMask = 2147483647; files = (100000000000000000000010,); runOnlyForDeploymentPostprocessing = 0;};
  10000000000000000000000E = {isa = PBXResourcesBuildPhase; buildActionMask = 2147483647; files = (100000000000000000000012,); runOnlyForDeploymentPostprocessing = 0;};
  100000000000000000000010 = {isa = PBXBuildFile; fileRef = 100000000000000000000008;};
  100000000000000000000012 = {isa = PBXBuildFile; fileRef = 10000000000000000000000A;};
  100000000000000000000013 = {isa = PBXGroup; children = (100000000000000000000008, 10000000000000000000000A); path = MisaModFilm; sourceTree = "<group>";};
  100000000000000000000006 = {isa = XCBuildConfiguration; buildSettings = {PRODUCT_NAME = MisaModFilm; PRODUCT_BUNDLE_IDENTIFIER = "site.misamod.film"; MARKETING_VERSION = 1.0.8; CURRENT_PROJECT_VERSION = 9; SWIFT_VERSION = 5.0; SWIFT_OPTIMIZATION_LEVEL = "-O"; SWIFT_EMIT_LOC_STRINGS = NO; ENABLE_PREVIEWS = NO; IPHONEOS_DEPLOYMENT_TARGET = 15.0; TARGETED_DEVICE_FAMILY = "1,2"; GENERATE_INFOPLIST_FILE = YES; INFOPLIST_KEY_CFBundleDisplayName = "MisaMod Film"; INFOPLIST_KEY_CFBundleName = "MisaMod Film"; INFOPLIST_KEY_CFBundleIconName = AppIcon; INFOPLIST_KEY_LSRequiresIPhoneOS = YES; INFOPLIST_KEY_NSAppTransportSecurity_NSAllowsArbitraryLoadsInWebContent = YES; INFOPLIST_KEY_UILaunchScreen_Generation = YES; ASSETCATALOG_COMPILER_APPICON_NAME = AppIcon; SDKROOT = iphoneos; SUPPORTED_PLATFORMS = "iphoneos iphonesimulator"; TARGETED_DEVICE_FAMILY = "1,2";}; name = Debug;};
  100000000000000000000007 = {isa = XCBuildConfiguration; buildSettings = {PRODUCT_NAME = MisaModFilm; PRODUCT_BUNDLE_IDENTIFIER = "site.misamod.film"; MARKETING_VERSION = 1.0.8; CURRENT_PROJECT_VERSION = 9; SWIFT_VERSION = 5.0; SWIFT_OPTIMIZATION_LEVEL = "-O"; SWIFT_EMIT_LOC_STRINGS = NO; ENABLE_PREVIEWS = NO; IPHONEOS_DEPLOYMENT_TARGET = 15.0; TARGETED_DEVICE_FAMILY = "1,2"; GENERATE_INFOPLIST_FILE = YES; INFOPLIST_KEY_CFBundleDisplayName = "MisaMod Film"; INFOPLIST_KEY_CFBundleName = "MisaMod Film"; INFOPLIST_KEY_CFBundleIconName = AppIcon; INFOPLIST_KEY_LSRequiresIPhoneOS = YES; INFOPLIST_KEY_NSAppTransportSecurity_NSAllowsArbitraryLoadsInWebContent = YES; INFOPLIST_KEY_UILaunchScreen_Generation = YES; ASSETCATALOG_COMPILER_APPICON_NAME = AppIcon; SDKROOT = iphoneos; SUPPORTED_PLATFORMS = "iphoneos iphonesimulator"; TARGETED_DEVICE_FAMILY = "1,2";}; name = Release;};
  10000000000000000000000C = {isa = XCConfigurationList; buildConfigurations = (100000000000000000000015, 100000000000000000000016); defaultConfigurationIsVisible = 0; defaultConfigurationName = Release;};
  100000000000000000000015 = {isa = XCBuildConfiguration; buildSettings = {PRODUCT_NAME = MisaModFilm; PRODUCT_BUNDLE_IDENTIFIER = "site.misamod.film"; MARKETING_VERSION = 1.0.8; CURRENT_PROJECT_VERSION = 9; SWIFT_VERSION = 5.0; SWIFT_OPTIMIZATION_LEVEL = "-O"; SWIFT_EMIT_LOC_STRINGS = NO; ENABLE_PREVIEWS = NO; IPHONEOS_DEPLOYMENT_TARGET = 15.0; TARGETED_DEVICE_FAMILY = "1,2"; GENERATE_INFOPLIST_FILE = YES; INFOPLIST_KEY_CFBundleDisplayName = "MisaMod Film"; INFOPLIST_KEY_CFBundleName = "MisaMod Film"; INFOPLIST_KEY_CFBundleIconName = AppIcon; INFOPLIST_KEY_LSRequiresIPhoneOS = YES; INFOPLIST_KEY_NSAppTransportSecurity_NSAllowsArbitraryLoadsInWebContent = YES; INFOPLIST_KEY_UILaunchScreen_Generation = YES; ASSETCATALOG_COMPILER_APPICON_NAME = AppIcon; SDKROOT = iphoneos; SUPPORTED_PLATFORMS = "iphoneos iphonesimulator"; TARGETED_DEVICE_FAMILY = "1,2";}; name = Debug;};
  100000000000000000000016 = {isa = XCBuildConfiguration; buildSettings = {PRODUCT_NAME = MisaModFilm; PRODUCT_BUNDLE_IDENTIFIER = "site.misamod.film"; MARKETING_VERSION = 1.0.8; CURRENT_PROJECT_VERSION = 9; SWIFT_VERSION = 5.0; SWIFT_OPTIMIZATION_LEVEL = "-O"; SWIFT_EMIT_LOC_STRINGS = NO; ENABLE_PREVIEWS = NO; IPHONEOS_DEPLOYMENT_TARGET = 15.0; TARGETED_DEVICE_FAMILY = "1,2"; GENERATE_INFOPLIST_FILE = YES; INFOPLIST_KEY_CFBundleDisplayName = "MisaMod Film"; INFOPLIST_KEY_CFBundleName = "MisaMod Film"; INFOPLIST_KEY_CFBundleIconName = AppIcon; INFOPLIST_KEY_LSRequiresIPhoneOS = YES; INFOPLIST_KEY_NSAppTransportSecurity_NSAllowsArbitraryLoadsInWebContent = YES; INFOPLIST_KEY_UILaunchScreen_Generation = YES; ASSETCATALOG_COMPILER_APPICON_NAME = AppIcon; SDKROOT = iphoneos; SUPPORTED_PLATFORMS = "iphoneos iphonesimulator"; TARGETED_DEVICE_FAMILY = "1,2";}; name = Release;};
 };
 rootObject = 100000000000000000000001;
}
